# @generated - this file is auto-generated by `mise lock` https://mise.jdx.dev/dev-tools/mise-lock.html

[[tools.pnpm]]
version = "11.17.0"
backend = "aqua:pnpm/pnpm"

[tools.pnpm."platforms.linux-arm64"]
checksum = "sha256:730d17de742a3efbb020ba91d7acfc0456c6ba6ad1cd8eb49f4c229fe9f504d3"
url = "https://github.com/pnpm/pnpm/releases/download/v11.17.0/pnpm-linux-arm64.tar.gz"
url_api = "https://api.github.com/repos/pnpm/pnpm/releases/assets/487422123"
provenance = "github-attestations"

[tools.pnpm."platforms.linux-arm64-musl"]
checksum = "sha256:cc072c0e7bdd290f52fb9afdcea778ede69f96f0f4dae63623163fc11d4beec3"
url = "https://github.com/pnpm/pnpm/releases/download/v11.17.0/pnpm-linux-arm64-musl.tar.gz"
url_api = "https://api.github.com/repos/pnpm/pnpm/releases/assets/487422121"
provenance = "github-attestations"

[tools.pnpm."platforms.linux-x64"]
checksum = "sha256:bdb1db01bf0f757495405a59a09c5c287f315889dc98d3b14bc374b9fe43a0bf"
url = "https://github.com/pnpm/pnpm/releases/download/v11.17.0/pnpm-linux-x64.tar.gz"
url_api = "https://api.github.com/repos/pnpm/pnpm/releases/assets/487422122"
provenance = "github-attestations"

[tools.pnpm."platforms.linux-x64-musl"]
checksum = "sha256:db2e4eeecab336bd41bbbc7a39626b166f1a15bb189efcf6a1dafdf159f23fe7"
url = "https://github.com/pnpm/pnpm/releases/download/v11.17.0/pnpm-linux-x64-musl.tar.gz"
url_api = "https://api.github.com/repos/pnpm/pnpm/releases/assets/487422116"
provenance = "github-attestations"

[tools.pnpm."platforms.macos-arm64"]
checksum = "sha256:1e9a35d76f9d382af365d95c64f3abf7815e24350653f5bb1a37e4546265bc2b"
url = "https://github.com/pnpm/pnpm/releases/download/v11.17.0/pnpm-darwin-arm64.tar.gz"
url_api = "https://api.github.com/repos/pnpm/pnpm/releases/assets/487422117"
provenance = "github-attestations"

[tools.pnpm."platforms.windows-x64"]
checksum = "sha256:3025c174a6dcffec14a071a5c854cb0c350a09a8c7c2857a75f75cc7b29b939c"
url = "https://github.com/pnpm/pnpm/releases/download/v11.17.0/pnpm-win32-x64.zip"
url_api = "https://api.github.com/repos/pnpm/pnpm/releases/assets/487422118"
provenance = "github-attestations"
